
Microsoft Visual Studio Solution File, Format Version 12.00
# Visual Studio Version 16
VisualStudioVersion = 16.0.30114.105
MinimumVisualStudioVersion = 10.0.40219.1
Project("{FAE04EC0-301F-11D3-BF4B-00C04F79EFBC}") = "LogClient", "LogClient\LogClient.csproj", "{C994812C-030F-4D97-9C72-826C749DA06C}"
EndProject
Project("{FAE04EC0-301F-11D3-BF4B-00C04F79EFBC}") = "SystemLog.API", "SystemLog.API\SystemLog.API.csproj", "{DD1D38A9-5694-4C54-85E4-B64A22007484}"
EndProject
Global
	GlobalSection(SolutionConfigurationPlatforms) = preSolution
		Debug|Any CPU = Debug|Any CPU
		Release|Any CPU = Release|Any CPU
	EndGlobalSection
	GlobalSection(ProjectConfigurationPlatforms) = postSolution
		{C994812C-030F-4D97-9C72-826C749DA06C}.Debug|Any CPU.ActiveCfg = Debug|Any CPU
		{C994812C-030F-4D97-9C72-826C749DA06C}.Debug|Any CPU.Build.0 = Debug|Any CPU
		{C994812C-030F-4D97-9C72-826C749DA06C}.Release|Any CPU.ActiveCfg = Release|Any CPU
		{C994812C-030F-4D97-9C72-826C749DA06C}.Release|Any CPU.Build.0 = Release|Any CPU
		{DD1D38A9-5694-4C54-85E4-B64A22007484}.Debug|Any CPU.ActiveCfg = Debug|Any CPU
		{DD1D38A9-5694-4C54-85E4-B64A22007484}.Debug|Any CPU.Build.0 = Debug|Any CPU
		{DD1D38A9-5694-4C54-85E4-B64A22007484}.Release|Any CPU.ActiveCfg = Release|Any CPU
		{DD1D38A9-5694-4C54-85E4-B64A22007484}.Release|Any CPU.Build.0 = Release|Any CPU
	EndGlobalSection
	GlobalSection(SolutionProperties) = preSolution
		HideSolutionNode = FALSE
	EndGlobalSection
	GlobalSection(ExtensibilityGlobals) = postSolution
		SolutionGuid = {1772C5F8-6D8E-4BB3-A9B8-6C0767917CD7}
	EndGlobalSection
EndGlobal
